[[package]]
name = "block"
version = "0.1.6"
source = "registry+https://github.com/rust-lang/crates.io-index"

[[package]]
name = "lazy_static"
version = "1.2.0"
source = "registry+https://github.com/rust-lang/crates.io-index"

[[package]]
name = "libc"
version = "0.2.45"
source = "registry+https://github.com/rust-lang/crates.io-index"

[[package]]
name = "malloc_buf"
version = "0.0.6"
source = "registry+https://github.com/rust-lang/crates.io-index"
dependencies = [
 "libc 0.2.45 (registry+https://github.com/rust-lang/crates.io-index)",
]

[[package]]
name = "objc"
version = "0.2.5"
source = "registry+https://github.com/rust-lang/crates.io-index"
dependencies = [
 "malloc_buf 0.0.6 (registry+https://github.com/rust-lang/crates.io-index)",
]

[[package]]
name = "objc-foundation"
version = "0.1.1"
source = "registry+https://github.com/rust-lang/crates.io-index"
dependencies = [
 "block 0.1.6 (registry+https://github.com/rust-lang/crates.io-index)",
 "objc 0.2.5 (registry+https://github.com/rust-lang/crates.io-index)",
 "objc_id 0.1.1 (registry+https://github.com/rust-lang/crates.io-index)",
]

[[package]]
name = "objc_id"
version = "0.1.1"
source = "registry+https://github.com/rust-lang/crates.io-index"
dependencies = [
 "objc 0.2.5 (registry+https://github.com/rust-lang/crates.io-index)",
]

[[package]]
name = "sciter-rs"
version = "0.5.45"
source = "registry+https://github.com/rust-lang/crates.io-index"
dependencies = [
 "lazy_static 1.2.0 (registry+https://github.com/rust-lang/crates.io-index)",
 "libc 0.2.45 (registry+https://github.com/rust-lang/crates.io-index)",
 "objc 0.2.5 (registry+https://github.com/rust-lang/crates.io-index)",
 "objc-foundation 0.1.1 (registry+https://github.com/rust-lang/crates.io-index)",
]

[[package]]
name = "sciter_demo"
version = "0.1.0"
dependencies = [
 "sciter-rs 0.5.45 (registry+https://github.com/rust-lang/crates.io-index)",
]

[metadata]
"checksum block 0.1.6 (registry+https://github.com/rust-lang/crates.io-index)" = "0d8c1fef690941d3e7788d328517591fecc684c084084702d6ff1641e993699a"
"checksum lazy_static 1.2.0 (registry+https://github.com/rust-lang/crates.io-index)" = "a374c89b9db55895453a74c1e38861d9deec0b01b405a82516e9d5de4820dea1"
"checksum libc 0.2.45 (registry+https://github.com/rust-lang/crates.io-index)" = "2d2857ec59fadc0773853c664d2d18e7198e83883e7060b63c924cb077bd5c74"
"checksum malloc_buf 0.0.6 (registry+https://github.com/rust-lang/crates.io-index)" = "62bb907fe88d54d8d9ce32a3cceab4218ed2f6b7d35617cafe9adf84e43919cb"
"checksum objc 0.2.5 (registry+https://github.com/rust-lang/crates.io-index)" = "9833ab0efe5361b1e2122a0544a5d3359576911a42cb098c2e59be8650807367"
"checksum objc-foundation 0.1.1 (registry+https://github.com/rust-lang/crates.io-index)" = "1add1b659e36c9607c7aab864a76c7a4c2760cd0cd2e120f3fb8b952c7e22bf9"
"checksum objc_id 0.1.1 (registry+https://github.com/rust-lang/crates.io-index)" = "c92d4ddb4bd7b50d730c215ff871754d0da6b2178849f8a2a2ab69712d0c073b"
"checksum sciter-rs 0.5.45 (registry+https://github.com/rust-lang/crates.io-index)" = "92d520aca0b8594fd01e1a20818e4e50170ab83762d841761ce079fe9014a0d3"
